
Microsoft Visual Studio Solution File, Format Version 12.00
# Visual Studio 15
VisualStudioVersion = 15.0.27703.2035
MinimumVisualStudioVersion = 10.0.40219.1
Project("{8BC9CEB8-8B4A-11D0-8D11-00A0C91BC942}") = "Practice C++", "Practice C++\Practice C++.vcxproj", "{2DD9131B-D2D8-4E27-A48F-A80345E06ACA}"
EndProject
Global
	GlobalSection(SolutionConfigurationPlatforms) = preSolution
		Debug|x64 = Debug|x64
		Debug|x86 = Debug|x86
		Release|x64 = Release|x64
		Release|x86 = Release|x86
	EndGlobalSection
	GlobalSection(ProjectConfigurationPlatforms) = postSolution
		{2DD9131B-D2D8-4E27-A48F-A80345E06ACA}.Debug|x64.ActiveCfg = Debug|x64
		{2DD9131B-D2D8-4E27-A48F-A80345E06ACA}.Debug|x64.Build.0 = Debug|x64
		{2DD9131B-D2D8-4E27-A48F-A80345E06ACA}.Debug|x86.ActiveCfg = Debug|Win32
		{2DD9131B-D2D8-4E27-A48F-A80345E06ACA}.Debug|x86.Build.0 = Debug|Win32
		{2DD9131B-D2D8-4E27-A48F-A80345E06ACA}.Release|x64.ActiveCfg = Release|x64
		{2DD9131B-D2D8-4E27-A48F-A80345E06ACA}.Release|x64.Build.0 = Release|x64
		{2DD9131B-D2D8-4E27-A48F-A80345E06ACA}.Release|x86.ActiveCfg = Release|Win32
		{2DD9131B-D2D8-4E27-A48F-A80345E06ACA}.Release|x86.Build.0 = Release|Win32
	EndGlobalSection
	GlobalSection(SolutionProperties) = preSolution
		HideSolutionNode = FALSE
	EndGlobalSection
	GlobalSection(ExtensibilityGlobals) = postSolution
		SolutionGuid = {2C3A186F-AB74-4254-945D-4B7627EF7155}
	EndGlobalSection
EndGlobal
